
Microsoft Visual Studio Solution File, Format Version 12.00
# Visual Studio 14
VisualStudioVersion = 14.0.23107.0
MinimumVisualStudioVersion = 10.0.40219.1
Project("{FAE04EC0-301F-11D3-BF4B-00C04F79EFBC}") = "keeperScoreboard", "keeperScoreboard\keeperScoreboard.csproj", "{F166A121-64CC-4DD5-8A51-394FCD81C29D}"
EndProject
Project("{FAE04EC0-301F-11D3-BF4B-00C04F79EFBC}") = "update", "update\update.csproj", "{368E61BE-57AC-424E-938F-1CE153F2B35F}"
EndProject
Project("{FAE04EC0-301F-11D3-BF4B-00C04F79EFBC}") = "CrashReporter.NET", "keeperScoreboard\Classes\Components\CrashReporter.NET\CrashReporter.NET.csproj", "{67912BDA-1572-46B0-8623-5872D9DADBC8}"
EndProject
Project("{FAE04EC0-301F-11D3-BF4B-00C04F79EFBC}") = "KeeperScoreboardServerWPF", "KeeperScoreboardServerWPF\KeeperScoreboardServerWPF.csproj", "{1516252E-A280-4496-9D3D-09D2346EB7E3}"
EndProject
Project("{FAE04EC0-301F-11D3-BF4B-00C04F79EFBC}") = "UpdateClient", "UpdateClient\UpdateClient.csproj", "{877761AD-C611-4BD0-ABB3-A85724083D4D}"
EndProject
Project("{FAE04EC0-301F-11D3-BF4B-00C04F79EFBC}") = "PubStats", "PubStats\PubStats.csproj", "{4F1A70EF-85E8-4D53-BEF4-81AD901ECBB5}"
EndProject
Global
	GlobalSection(SolutionConfigurationPlatforms) = preSolution
		Debug|Any CPU = Debug|Any CPU
		Release|Any CPU = Release|Any CPU
	EndGlobalSection
	GlobalSection(ProjectConfigurationPlatforms) = postSolution
		{F166A121-64CC-4DD5-8A51-394FCD81C29D}.Debug|Any CPU.ActiveCfg = Debug|Any CPU
		{F166A121-64CC-4DD5-8A51-394FCD81C29D}.Debug|Any CPU.Build.0 = Debug|Any CPU
		{F166A121-64CC-4DD5-8A51-394FCD81C29D}.Release|Any CPU.ActiveCfg = Release|Any CPU
		{F166A121-64CC-4DD5-8A51-394FCD81C29D}.Release|Any CPU.Build.0 = Release|Any CPU
		{368E61BE-57AC-424E-938F-1CE153F2B35F}.Debug|Any CPU.ActiveCfg = Debug|Any CPU
		{368E61BE-57AC-424E-938F-1CE153F2B35F}.Debug|Any CPU.Build.0 = Debug|Any CPU
		{368E61BE-57AC-424E-938F-1CE153F2B35F}.Release|Any CPU.ActiveCfg = Release|Any CPU
		{368E61BE-57AC-424E-938F-1CE153F2B35F}.Release|Any CPU.Build.0 = Release|Any CPU
		{67912BDA-1572-46B0-8623-5872D9DADBC8}.Debug|Any CPU.ActiveCfg = Debug|Any CPU
		{67912BDA-1572-46B0-8623-5872D9DADBC8}.Debug|Any CPU.Build.0 = Debug|Any CPU
		{67912BDA-1572-46B0-8623-5872D9DADBC8}.Release|Any CPU.ActiveCfg = Release|Any CPU
		{67912BDA-1572-46B0-8623-5872D9DADBC8}.Release|Any CPU.Build.0 = Release|Any CPU
		{1516252E-A280-4496-9D3D-09D2346EB7E3}.Debug|Any CPU.ActiveCfg = Debug|Any CPU
		{1516252E-A280-4496-9D3D-09D2346EB7E3}.Debug|Any CPU.Build.0 = Debug|Any CPU
		{1516252E-A280-4496-9D3D-09D2346EB7E3}.Release|Any CPU.ActiveCfg = Release|Any CPU
		{1516252E-A280-4496-9D3D-09D2346EB7E3}.Release|Any CPU.Build.0 = Release|Any CPU
		{877761AD-C611-4BD0-ABB3-A85724083D4D}.Debug|Any CPU.ActiveCfg = Debug|Any CPU
		{877761AD-C611-4BD0-ABB3-A85724083D4D}.Debug|Any CPU.Build.0 = Debug|Any CPU
		{877761AD-C611-4BD0-ABB3-A85724083D4D}.Release|Any CPU.ActiveCfg = Release|Any CPU
		{877761AD-C611-4BD0-ABB3-A85724083D4D}.Release|Any CPU.Build.0 = Release|Any CPU
		{4F1A70EF-85E8-4D53-BEF4-81AD901ECBB5}.Debug|Any CPU.ActiveCfg = Debug|Any CPU
		{4F1A70EF-85E8-4D53-BEF4-81AD901ECBB5}.Debug|Any CPU.Build.0 = Debug|Any CPU
		{4F1A70EF-85E8-4D53-BEF4-81AD901ECBB5}.Release|Any CPU.ActiveCfg = Release|Any CPU
		{4F1A70EF-85E8-4D53-BEF4-81AD901ECBB5}.Release|Any CPU.Build.0 = Release|Any CPU
	EndGlobalSection
	GlobalSection(SolutionProperties) = preSolution
		HideSolutionNode = FALSE
	EndGlobalSection
	GlobalSection(TeamFoundationVersionControl) = preSolution
		SccNumberOfProjects = 7
		SccEnterpriseProvider = {4CA58AB2-18FA-4F8D-95D4-32DDF27D184C}
		SccTeamFoundationServer = https://nathan-dev.visualstudio.com/defaultcollection
		SccLocalPath0 = .
		SccProjectUniqueName1 = keeperScoreboard\\keeperScoreboard.csproj
		SccProjectName1 = keeperScoreboard
		SccLocalPath1 = keeperScoreboard
		SccProjectUniqueName2 = update\\update.csproj
		SccProjectName2 = update
		SccLocalPath2 = update
		SccProjectUniqueName3 = keeperScoreboard\\Classes\\Components\\CrashReporter.NET\\CrashReporter.NET.csproj
		SccProjectName3 = keeperScoreboard/Classes/Components/CrashReporter.NET
		SccLocalPath3 = keeperScoreboard\\Classes\\Components\\CrashReporter.NET
		SccProjectUniqueName4 = KeeperScoreboardServerWPF\\KeeperScoreboardServerWPF.csproj
		SccProjectName4 = KeeperScoreboardServerWPF
		SccLocalPath4 = KeeperScoreboardServerWPF
		SccProjectUniqueName5 = UpdateClient\\UpdateClient.csproj
		SccProjectName5 = UpdateClient
		SccLocalPath5 = UpdateClient
		SccProjectUniqueName6 = PubStats\\PubStats.csproj
		SccProjectName6 = PubStats
		SccLocalPath6 = PubStats
	EndGlobalSection
EndGlobal
